
Microsoft Visual Studio Solution File, Format Version 12.00
# Visual Studio Version 17
VisualStudioVersion = 17.10.35013.160
MinimumVisualStudioVersion = 10.0.40219.1
Project("{FAE04EC0-301F-11D3-BF4B-00C04F79EFBC}") = "TreeNodes", "TreeNodes\TreeNodes.csproj", "{21CF64A9-A003-48A7-8A1D-98266E1A562D}"
EndProject
Global
	GlobalSection(SolutionConfigurationPlatforms) = preSolution
		Debug|Any CPU = Debug|Any CPU
		Release|Any CPU = Release|Any CPU
	EndGlobalSection
	GlobalSection(ProjectConfigurationPlatforms) = postSolution
		{21CF64A9-A003-48A7-8A1D-98266E1A562D}.Debug|Any CPU.ActiveCfg = Debug|Any CPU
		{21CF64A9-A003-48A7-8A1D-98266E1A562D}.Debug|Any CPU.Build.0 = Debug|Any CPU
		{21CF64A9-A003-48A7-8A1D-98266E1A562D}.Release|Any CPU.ActiveCfg = Release|Any CPU
		{21CF64A9-A003-48A7-8A1D-98266E1A562D}.Release|Any CPU.Build.0 = Release|Any CPU
	EndGlobalSection
	GlobalSection(SolutionProperties) = preSolution
		HideSolutionNode = FALSE
	EndGlobalSection
	GlobalSection(ExtensibilityGlobals) = postSolution
		SolutionGuid = {3F270A15-A9BA-4C45-B13A-9F8920566655}
	EndGlobalSection
EndGlobal
